{
    "name": "threejsgameengine",
    "version": "1.0.0",
    "lockfileVersion": 2,
    "requires": true,
    "packages": {
        "": {
            "name": "threejsgameengine",
            "version": "1.0.0",
            "license": "ISC",
            "dependencies": {
                "three": "^0.140.2",
                "typescript": "^4.6.4"
            },
            "devDependencies": {
                "@types/node": "^17.0.15",
                "@types/three": "^0.140.0"
            }
        },
        "node_modules/@types/node": {
            "version": "17.0.21",
            "resolved": "https://registry.npmjs.org/@types/node/-/node-17.0.21.tgz",
            "integrity": "sha512-DBZCJbhII3r90XbQxI8Y9IjjiiOGlZ0Hr32omXIZvwwZ7p4DMMXGrKXVyPfuoBOri9XNtL0UK69jYIBIsRX3QQ==",
            "dev": true
        },
        "node_modules/@types/three": {
            "version": "0.140.0",
            "resolved": "https://registry.npmjs.org/@types/three/-/three-0.140.0.tgz",
            "integrity": "sha512-YPJLSIY6uKUOp1k6BZYDq5GtEIdhfeK04UCbc9IPAVbdn/RNjkfrbnyd7smrsNkJhc0IFASLpd3AAYgwqgXKVQ==",
            "dev": true
        },
        "node_modules/three": {
            "version": "0.140.2",
            "resolved": "https://registry.npmjs.org/three/-/three-0.140.2.tgz",
            "integrity": "sha512-DdT/AHm/TbZXEhQKQpGt5/iSgBrmXpjU26FNtj1KhllVPTKj1eG4X/ShyD5W2fngE+I1s1wa4ttC4C3oCJt7Ag=="
        },
        "node_modules/typescript": {
            "version": "4.6.4",
            "resolved": "https://registry.npmjs.org/typescript/-/typescript-4.6.4.tgz",
            "integrity": "sha512-9ia/jWHIEbo49HfjrLGfKbZSuWo9iTMwXO+Ca3pRsSpbsMbc7/IU8NKdCZVRRBafVPGnoJeFL76ZOAA84I9fEg==",
            "bin": {
                "tsc": "bin/tsc",
                "tsserver": "bin/tsserver"
            },
            "engines": {
                "node": ">=4.2.0"
            }
        }
    },
    "dependencies": {
        "@types/node": {
            "version": "17.0.21",
            "resolved": "https://registry.npmjs.org/@types/node/-/node-17.0.21.tgz",
            "integrity": "sha512-DBZCJbhII3r90XbQxI8Y9IjjiiOGlZ0Hr32omXIZvwwZ7p4DMMXGrKXVyPfuoBOri9XNtL0UK69jYIBIsRX3QQ==",
            "dev": true
        },
        "@types/three": {
            "version": "0.140.0",
            "resolved": "https://registry.npmjs.org/@types/three/-/three-0.140.0.tgz",
            "integrity": "sha512-YPJLSIY6uKUOp1k6BZYDq5GtEIdhfeK04UCbc9IPAVbdn/RNjkfrbnyd7smrsNkJhc0IFASLpd3AAYgwqgXKVQ==",
            "dev": true
        },
        "three": {
            "version": "0.140.2",
            "resolved": "https://registry.npmjs.org/three/-/three-0.140.2.tgz",
            "integrity": "sha512-DdT/AHm/TbZXEhQKQpGt5/iSgBrmXpjU26FNtj1KhllVPTKj1eG4X/ShyD5W2fngE+I1s1wa4ttC4C3oCJt7Ag=="
        },
        "typescript": {
            "version": "4.6.4",
            "resolved": "https://registry.npmjs.org/typescript/-/typescript-4.6.4.tgz",
            "integrity": "sha512-9ia/jWHIEbo49HfjrLGfKbZSuWo9iTMwXO+Ca3pRsSpbsMbc7/IU8NKdCZVRRBafVPGnoJeFL76ZOAA84I9fEg=="
        }
    }
}
